
Microsoft Visual Studio Solution File, Format Version 12.00
# Visual Studio 15
VisualStudioVersion = 15.0.28307.779
MinimumVisualStudioVersion = 10.0.40219.1
Project("{FAE04EC0-301F-11D3-BF4B-00C04F79EFBC}") = "Core", "Core\Core.csproj", "{DAA1D1C3-FDD9-4660-A5DE-E6E9AB346B0F}"
EndProject
Project("{FAE04EC0-301F-11D3-BF4B-00C04F79EFBC}") = "Infrastructure", "Infrastructure\Infrastructure.csproj", "{3616A6B8-7705-43D9-B4E7-357FC3F7D110}"
EndProject
Project("{FAE04EC0-301F-11D3-BF4B-00C04F79EFBC}") = "API", "API\API.csproj", "{32F8CD47-6222-49EB-AA40-D2173EDCE94C}"
EndProject
Project("{FAE04EC0-301F-11D3-BF4B-00C04F79EFBC}") = "RepositoriesTest", "RepositoriesTest\RepositoriesTest.csproj", "{C7143082-AF82-4E06-B1EE-657023EF50BD}"
EndProject
Global
	GlobalSection(SolutionConfigurationPlatforms) = preSolution
		Debug|Any CPU = Debug|Any CPU
		Release|Any CPU = Release|Any CPU
	EndGlobalSection
	GlobalSection(ProjectConfigurationPlatforms) = postSolution
		{DAA1D1C3-FDD9-4660-A5DE-E6E9AB346B0F}.Debug|Any CPU.ActiveCfg = Debug|Any CPU
		{DAA1D1C3-FDD9-4660-A5DE-E6E9AB346B0F}.Debug|Any CPU.Build.0 = Debug|Any CPU
		{DAA1D1C3-FDD9-4660-A5DE-E6E9AB346B0F}.Release|Any CPU.ActiveCfg = Release|Any CPU
		{DAA1D1C3-FDD9-4660-A5DE-E6E9AB346B0F}.Release|Any CPU.Build.0 = Release|Any CPU
		{3616A6B8-7705-43D9-B4E7-357FC3F7D110}.Debug|Any CPU.ActiveCfg = Debug|Any CPU
		{3616A6B8-7705-43D9-B4E7-357FC3F7D110}.Debug|Any CPU.Build.0 = Debug|Any CPU
		{3616A6B8-7705-43D9-B4E7-357FC3F7D110}.Release|Any CPU.ActiveCfg = Release|Any CPU
		{3616A6B8-7705-43D9-B4E7-357FC3F7D110}.Release|Any CPU.Build.0 = Release|Any CPU
		{32F8CD47-6222-49EB-AA40-D2173EDCE94C}.Debug|Any CPU.ActiveCfg = Debug|Any CPU
		{32F8CD47-6222-49EB-AA40-D2173EDCE94C}.Debug|Any CPU.Build.0 = Debug|Any CPU
		{32F8CD47-6222-49EB-AA40-D2173EDCE94C}.Release|Any CPU.ActiveCfg = Release|Any CPU
		{32F8CD47-6222-49EB-AA40-D2173EDCE94C}.Release|Any CPU.Build.0 = Release|Any CPU
		{C7143082-AF82-4E06-B1EE-657023EF50BD}.Debug|Any CPU.ActiveCfg = Debug|Any CPU
		{C7143082-AF82-4E06-B1EE-657023EF50BD}.Debug|Any CPU.Build.0 = Debug|Any CPU
		{C7143082-AF82-4E06-B1EE-657023EF50BD}.Release|Any CPU.ActiveCfg = Release|Any CPU
		{C7143082-AF82-4E06-B1EE-657023EF50BD}.Release|Any CPU.Build.0 = Release|Any CPU
	EndGlobalSection
	GlobalSection(SolutionProperties) = preSolution
		HideSolutionNode = FALSE
	EndGlobalSection
	GlobalSection(ExtensibilityGlobals) = postSolution
		SolutionGuid = {C2B120AC-D20F-48A9-9303-670B993EF54A}
	EndGlobalSection
EndGlobal
